
Microsoft Visual Studio Solution File, Format Version 12.00
# Visual Studio Version 17
VisualStudioVersion = 17.0.31903.59
MinimumVisualStudioVersion = 10.0.40219.1
Project("{FAE04EC0-301F-11D3-BF4B-00C04F79EFBC}") = "contexMenuStripControl", "contexMenuStripControl.csproj", "{B0FDF100-5ADC-4889-9469-EB5AFEF9FADF}"
EndProject
Global
	GlobalSection(SolutionConfigurationPlatforms) = preSolution
		Debug|Any CPU = Debug|Any CPU
		Release|Any CPU = Release|Any CPU
	EndGlobalSection
	GlobalSection(ProjectConfigurationPlatforms) = postSolution
		{B0FDF100-5ADC-4889-9469-EB5AFEF9FADF}.Debug|Any CPU.ActiveCfg = Debug|Any CPU
		{B0FDF100-5ADC-4889-9469-EB5AFEF9FADF}.Debug|Any CPU.Build.0 = Debug|Any CPU
		{B0FDF100-5ADC-4889-9469-EB5AFEF9FADF}.Release|Any CPU.ActiveCfg = Release|Any CPU
		{B0FDF100-5ADC-4889-9469-EB5AFEF9FADF}.Release|Any CPU.Build.0 = Release|Any CPU
	EndGlobalSection
	GlobalSection(SolutionProperties) = preSolution
		HideSolutionNode = FALSE
	EndGlobalSection
	GlobalSection(ExtensibilityGlobals) = postSolution
		SolutionGuid = {930933EB-D9DB-47CA-BC47-2B1BD1D7BED3}
	EndGlobalSection
EndGlobal
